{
  "name": "grouparoo",
  "version": "0.8.1-alpha.1",
  "lockfileVersion": 2,
  "requires": true,
  "packages": {
    "": {
      "name": "grouparoo",
      "version": "0.8.1-alpha.1",
      "license": "MPL-2.0",
      "dependencies": {
        "chalk": "4.1.2",
        "commander": "9.0.0",
        "fs-extra": "10.0.0",
        "glob": "7.2.0",
        "isomorphic-fetch": "3.0.0",
        "npm-check-updates": "12.2.1",
        "ora": "5.4.1",
        "semver": "7.3.5"
      },
      "bin": {
        "grouparoo": "dist/grouparoo.js"
      },
      "devDependencies": {
        "@types/fs-extra": "*",
        "@types/node": "16.*.*",
        "prettier": "2.5.1",
        "ts-node": "10.4.0",
        "type-fest": "2.11.1",
        "typescript": "4.5.5"
      },
      "engines": {
        "node": ">=12.0.0 <17.0.0"
      }
    },
    "../node_modules/.pnpm/@types+fs-extra@9.0.13/node_modules/@types/fs-extra": {
      "version": "9.0.13",
      "dev": true,
      "license": "MIT",
      "dependencies": {
        "@types/node": "*"
      }
    },
    "../node_modules/.pnpm/@types+node@16.11.22/node_modules/@types/node": {
      "version": "16.11.22",
      "dev": true,
      "license": "MIT"
    },
    "../node_modules/.pnpm/chalk@4.1.2/node_modules/chalk": {
      "version": "4.1.2",
      "license": "MIT",
      "dependencies": {
        "ansi-styles": "^4.1.0",
        "supports-color": "^7.1.0"
      },
      "devDependencies": {
        "ava": "^2.4.0",
        "coveralls": "^3.0.7",
        "execa": "^4.0.0",
        "import-fresh": "^3.1.0",
        "matcha": "^0.7.0",
        "nyc": "^15.0.0",
        "resolve-from": "^5.0.0",
        "tsd": "^0.7.4",
        "xo": "^0.28.2"
      },
      "engines": {
        "node": ">=10"
      },
      "funding": {
        "url": "https://github.com/chalk/chalk?sponsor=1"
      }
    },
    "../node_modules/.pnpm/commander@9.0.0/node_modules/commander": {
      "version": "9.0.0",
      "license": "MIT",
      "devDependencies": {
        "@types/jest": "^27.0.3",
        "@types/node": "^16.11.15",
        "@typescript-eslint/eslint-plugin": "^4.33.0",
        "@typescript-eslint/parser": "^4.27.0",
        "eslint": "^7.29.0",
        "eslint-config-standard": "^16.0.3",
        "eslint-config-standard-with-typescript": "^21.0.1",
        "eslint-plugin-import": "^2.25.3",
        "eslint-plugin-jest": "^24.3.6",
        "eslint-plugin-node": "^11.1.0",
        "eslint-plugin-promise": "^5.2.0",
        "jest": "^27.0.4",
        "ts-jest": "^27.0.3",
        "tsd": "^0.17.0",
        "typescript": "^4.3.4"
      },
      "engines": {
        "node": "^12.20.0 || >=14"
      }
    },
    "../node_modules/.pnpm/fs-extra@10.0.0/node_modules/fs-extra": {
      "version": "10.0.0",
      "license": "MIT",
      "dependencies": {
        "graceful-fs": "^4.2.0",
        "jsonfile": "^6.0.1",
        "universalify": "^2.0.0"
      },
      "devDependencies": {
        "at-least-node": "^1.0.0",
        "coveralls": "^3.0.0",
        "klaw": "^2.1.1",
        "klaw-sync": "^3.0.2",
        "minimist": "^1.1.1",
        "mocha": "^5.0.5",
        "nyc": "^15.0.0",
        "proxyquire": "^2.0.1",
        "read-dir-files": "^0.1.1",
        "standard": "^14.1.0"
      },
      "engines": {
        "node": ">=12"
      }
    },
    "../node_modules/.pnpm/glob@7.2.0/node_modules/glob": {
      "version": "7.2.0",
      "license": "ISC",
      "dependencies": {
        "fs.realpath": "^1.0.0",
        "inflight": "^1.0.4",
        "inherits": "2",
        "minimatch": "^3.0.4",
        "once": "^1.3.0",
        "path-is-absolute": "^1.0.0"
      },
      "devDependencies": {
        "memfs": "^3.2.0",
        "mkdirp": "0",
        "rimraf": "^2.2.8",
        "tap": "^15.0.6",
        "tick": "0.0.6"
      },
      "engines": {
        "node": "*"
      },
      "funding": {
        "url": "https://github.com/sponsors/isaacs"
      }
    },
    "../node_modules/.pnpm/isomorphic-fetch@3.0.0/node_modules/isomorphic-fetch": {
      "version": "3.0.0",
      "license": "MIT",
      "dependencies": {
        "node-fetch": "^2.6.1",
        "whatwg-fetch": "^3.4.1"
      },
      "devDependencies": {
        "chai": "^4.2.0",
        "jshint": "^2.5.11",
        "lintspaces-cli": "^0.7.1",
        "mocha": "^8.1.3",
        "nock": "^13.0.4"
      }
    },
    "../node_modules/.pnpm/npm-check-updates@12.2.1/node_modules/npm-check-updates": {
      "version": "12.2.1",
      "license": "Apache-2.0",
      "dependencies": {
        "chalk": "^4.1.2",
        "cint": "^8.2.1",
        "cli-table": "^0.3.11",
        "commander": "^8.3.0",
        "fast-memoize": "^2.5.2",
        "find-up": "5.0.0",
        "fp-and-or": "^0.1.3",
        "get-stdin": "^8.0.0",
        "globby": "^11.0.4",
        "hosted-git-info": "^4.1.0",
        "json-parse-helpfulerror": "^1.0.3",
        "jsonlines": "^0.1.1",
        "libnpmconfig": "^1.2.1",
        "lodash": "^4.17.21",
        "minimatch": "^3.0.4",
        "p-map": "^4.0.0",
        "pacote": "^12.0.2",
        "parse-github-url": "^1.0.2",
        "progress": "^2.0.3",
        "prompts": "^2.4.2",
        "rc-config-loader": "^4.0.0",
        "remote-git-tags": "^3.0.0",
        "rimraf": "^3.0.2",
        "semver": "^7.3.5",
        "semver-utils": "^1.1.4",
        "source-map-support": "^0.5.21",
        "spawn-please": "^1.0.0",
        "update-notifier": "^5.1.0"
      },
      "bin": {
        "ncu": "build/src/bin/cli.js",
        "npm-check-updates": "build/src/bin/cli.js"
      },
      "devDependencies": {
        "@types/chai": "^4.3.0",
        "@types/chai-as-promised": "^7.1.4",
        "@types/chai-string": "^1.4.2",
        "@types/cli-table": "^0.3.0",
        "@types/hosted-git-info": "^3.0.2",
        "@types/json-parse-helpfulerror": "^1.0.1",
        "@types/jsonlines": "^0.1.1",
        "@types/lodash": "^4.14.178",
        "@types/minimatch": "^3.0.5",
        "@types/mocha": "^9.1.0",
        "@types/node": "^17.0.10",
        "@types/pacote": "^11.1.3",
        "@types/parse-github-url": "^1.0.0",
        "@types/progress": "^2.0.5",
        "@types/prompts": "^2.4.0",
        "@types/remote-git-tags": "^4.0.0",
        "@types/rimraf": "^3.0.2",
        "@types/semver": "^7.3.9",
        "@types/semver-utils": "^1.1.1",
        "@types/update-notifier": "^5.1.0",
        "@typescript-eslint/eslint-plugin": "^5.10.0",
        "@typescript-eslint/parser": "^5.10.0",
        "c8": "^7.11.0",
        "chai": "^4.3.4",
        "chai-as-promised": "^7.1.1",
        "chai-string": "^1.5.0",
        "cross-env": "^7.0.3",
        "eslint": "^7.32.0",
        "eslint-config-raine": "^0.3.0",
        "eslint-config-standard": "^16.0.3",
        "eslint-plugin-fp": "^2.3.0",
        "eslint-plugin-import": "^2.25.4",
        "eslint-plugin-jsdoc": "^37.6.1",
        "eslint-plugin-node": "^11.1.0",
        "eslint-plugin-promise": "^6.0.0",
        "husky": "^7.0.4",
        "lockfile-lint": "^4.6.2",
        "markdownlint-cli": "^0.30.0",
        "mocha": "^9.1.4",
        "npm-run-all": "^4.1.5",
        "should": "^13.2.3",
        "strip-ansi": "^6.0.1",
        "ts-node": "^10.4.0",
        "typescript": "^4.5.5",
        "yarn": "^1.22.17"
      },
      "engines": {
        "node": ">=12"
      }
    },
    "../node_modules/.pnpm/ora@5.4.1/node_modules/ora": {
      "version": "5.4.1",
      "license": "MIT",
      "dependencies": {
        "bl": "^4.1.0",
        "chalk": "^4.1.0",
        "cli-cursor": "^3.1.0",
        "cli-spinners": "^2.5.0",
        "is-interactive": "^1.0.0",
        "is-unicode-supported": "^0.1.0",
        "log-symbols": "^4.1.0",
        "strip-ansi": "^6.0.0",
        "wcwidth": "^1.0.1"
      },
      "devDependencies": {
        "@types/node": "^14.14.35",
        "ava": "^2.4.0",
        "get-stream": "^6.0.0",
        "tsd": "^0.14.0",
        "xo": "^0.38.2"
      },
      "engines": {
        "node": ">=10"
      },
      "funding": {
        "url": "https://github.com/sponsors/sindresorhus"
      }
    },
    "../node_modules/.pnpm/prettier@2.5.1/node_modules/prettier": {
      "version": "2.5.1",
      "dev": true,
      "license": "MIT",
      "bin": {
        "prettier": "bin-prettier.js"
      },
      "engines": {
        "node": ">=10.13.0"
      }
    },
    "../node_modules/.pnpm/semver@7.3.5/node_modules/semver": {
      "version": "7.3.5",
      "license": "ISC",
      "dependencies": {
        "lru-cache": "^6.0.0"
      },
      "bin": {
        "semver": "bin/semver.js"
      },
      "devDependencies": {
        "tap": "^14.10.7"
      },
      "engines": {
        "node": ">=10"
      }
    },
    "../node_modules/.pnpm/ts-node@10.4.0_247b6ed5e900a7cb1f087e65be0c3da9/node_modules/ts-node": {
      "version": "10.4.0",
      "dev": true,
      "license": "MIT",
      "dependencies": {
        "@cspotcode/source-map-support": "0.7.0",
        "@tsconfig/node10": "^1.0.7",
        "@tsconfig/node12": "^1.0.7",
        "@tsconfig/node14": "^1.0.0",
        "@tsconfig/node16": "^1.0.2",
        "acorn": "^8.4.1",
        "acorn-walk": "^8.1.1",
        "arg": "^4.1.0",
        "create-require": "^1.1.0",
        "diff": "^4.0.1",
        "make-error": "^1.1.1",
        "yn": "3.1.1"
      },
      "bin": {
        "ts-node": "dist/bin.js",
        "ts-node-cwd": "dist/bin-cwd.js",
        "ts-node-script": "dist/bin-script.js",
        "ts-node-transpile-only": "dist/bin-transpile.js",
        "ts-script": "dist/bin-script-deprecated.js"
      },
      "devDependencies": {
        "@microsoft/api-extractor": "^7.15.2",
        "@swc/core": ">=1.2.50",
        "@swc/wasm": ">=1.2.50",
        "@types/chai": "^4.0.4",
        "@types/diff": "^4.0.2",
        "@types/lodash": "^4.14.151",
        "@types/node": "13.13.5",
        "@types/proper-lockfile": "^4.1.2",
        "@types/proxyquire": "^1.3.28",
        "@types/react": "^16.0.2",
        "@types/rimraf": "^3.0.0",
        "@types/semver": "^7.1.0",
        "@yarnpkg/fslib": "^2.4.0",
        "ava": "^3.15.0",
        "axios": "^0.21.1",
        "chai": "^4.0.1",
        "expect": "^27.0.2",
        "get-stream": "^6.0.0",
        "lodash": "^4.17.15",
        "ntypescript": "^1.201507091536.1",
        "nyc": "^15.0.1",
        "prettier": "^2.2.1",
        "proper-lockfile": "^4.1.2",
        "proxyquire": "^2.0.0",
        "react": "^16.14.0",
        "rimraf": "^3.0.0",
        "semver": "^7.1.3",
        "throat": "^6.0.1",
        "typedoc": "^0.22.4",
        "typescript": "4.4.3",
        "typescript-json-schema": "^0.51.0",
        "util.promisify": "^1.0.1"
      },
      "peerDependencies": {
        "@swc/core": ">=1.2.50",
        "@swc/wasm": ">=1.2.50",
        "@types/node": "*",
        "typescript": ">=2.7"
      },
      "peerDependenciesMeta": {
        "@swc/core": {
          "optional": true
        },
        "@swc/wasm": {
          "optional": true
        }
      }
    },
    "../node_modules/.pnpm/type-fest@2.11.1/node_modules/type-fest": {
      "version": "2.11.1",
      "dev": true,
      "license": "(MIT OR CC0-1.0)",
      "devDependencies": {
        "@sindresorhus/tsconfig": "~0.7.0",
        "expect-type": "^0.12.0",
        "tsd": "^0.17.0",
        "typescript": ">=4.2",
        "xo": "^0.43.0"
      },
      "engines": {
        "node": ">=12.20"
      },
      "funding": {
        "url": "https://github.com/sponsors/sindresorhus"
      }
    },
    "../node_modules/.pnpm/typescript@4.5.5/node_modules/typescript": {
      "version": "4.5.5",
      "dev": true,
      "license": "Apache-2.0",
      "bin": {
        "tsc": "bin/tsc",
        "tsserver": "bin/tsserver"
      },
      "devDependencies": {
        "@octokit/rest": "latest",
        "@types/browserify": "latest",
        "@types/chai": "latest",
        "@types/convert-source-map": "latest",
        "@types/glob": "latest",
        "@types/gulp": "^4.0.9",
        "@types/gulp-concat": "latest",
        "@types/gulp-newer": "latest",
        "@types/gulp-rename": "0.0.33",
        "@types/gulp-sourcemaps": "0.0.32",
        "@types/jake": "latest",
        "@types/merge2": "latest",
        "@types/microsoft__typescript-etw": "latest",
        "@types/minimatch": "latest",
        "@types/minimist": "latest",
        "@types/mkdirp": "latest",
        "@types/mocha": "latest",
        "@types/ms": "latest",
        "@types/node": "latest",
        "@types/node-fetch": "^2.3.4",
        "@types/q": "latest",
        "@types/source-map-support": "latest",
        "@types/through2": "latest",
        "@types/xml2js": "^0.4.0",
        "@typescript-eslint/eslint-plugin": "^4.28.0",
        "@typescript-eslint/experimental-utils": "^4.28.0",
        "@typescript-eslint/parser": "^4.28.0",
        "async": "latest",
        "azure-devops-node-api": "^11.0.1",
        "browser-resolve": "^1.11.2",
        "browserify": "latest",
        "chai": "latest",
        "chalk": "^4.1.2",
        "convert-source-map": "latest",
        "del": "5.1.0",
        "diff": "^4.0.2",
        "eslint": "7.12.1",
        "eslint-formatter-autolinkable-stylish": "1.1.4",
        "eslint-plugin-import": "2.22.1",
        "eslint-plugin-jsdoc": "30.7.6",
        "eslint-plugin-no-null": "1.0.2",
        "fancy-log": "latest",
        "fs-extra": "^9.0.0",
        "glob": "latest",
        "gulp": "^4.0.0",
        "gulp-concat": "latest",
        "gulp-insert": "latest",
        "gulp-newer": "latest",
        "gulp-rename": "latest",
        "gulp-sourcemaps": "latest",
        "merge2": "latest",
        "minimist": "latest",
        "mkdirp": "latest",
        "mocha": "latest",
        "mocha-fivemat-progress-reporter": "latest",
        "ms": "^2.1.3",
        "node-fetch": "^2.6.1",
        "plugin-error": "latest",
        "pretty-hrtime": "^1.0.3",
        "prex": "^0.4.3",
        "q": "latest",
        "source-map-support": "latest",
        "through2": "latest",
        "typescript": "^4.2.3",
        "vinyl": "latest",
        "vinyl-sourcemaps-apply": "latest",
        "xml2js": "^0.4.19"
      },
      "engines": {
        "node": ">=4.2.0"
      }
    },
    "node_modules/@types/fs-extra": {
      "resolved": "../node_modules/.pnpm/@types+fs-extra@9.0.13/node_modules/@types/fs-extra",
      "link": true
    },
    "node_modules/@types/node": {
      "resolved": "../node_modules/.pnpm/@types+node@16.11.22/node_modules/@types/node",
      "link": true
    },
    "node_modules/chalk": {
      "resolved": "../node_modules/.pnpm/chalk@4.1.2/node_modules/chalk",
      "link": true
    },
    "node_modules/commander": {
      "resolved": "../node_modules/.pnpm/commander@9.0.0/node_modules/commander",
      "link": true
    },
    "node_modules/fs-extra": {
      "resolved": "../node_modules/.pnpm/fs-extra@10.0.0/node_modules/fs-extra",
      "link": true
    },
    "node_modules/glob": {
      "resolved": "../node_modules/.pnpm/glob@7.2.0/node_modules/glob",
      "link": true
    },
    "node_modules/isomorphic-fetch": {
      "resolved": "../node_modules/.pnpm/isomorphic-fetch@3.0.0/node_modules/isomorphic-fetch",
      "link": true
    },
    "node_modules/npm-check-updates": {
      "resolved": "../node_modules/.pnpm/npm-check-updates@12.2.1/node_modules/npm-check-updates",
      "link": true
    },
    "node_modules/ora": {
      "resolved": "../node_modules/.pnpm/ora@5.4.1/node_modules/ora",
      "link": true
    },
    "node_modules/prettier": {
      "resolved": "../node_modules/.pnpm/prettier@2.5.1/node_modules/prettier",
      "link": true
    },
    "node_modules/semver": {
      "resolved": "../node_modules/.pnpm/semver@7.3.5/node_modules/semver",
      "link": true
    },
    "node_modules/ts-node": {
      "resolved": "../node_modules/.pnpm/ts-node@10.4.0_247b6ed5e900a7cb1f087e65be0c3da9/node_modules/ts-node",
      "link": true
    },
    "node_modules/type-fest": {
      "resolved": "../node_modules/.pnpm/type-fest@2.11.1/node_modules/type-fest",
      "link": true
    },
    "node_modules/typescript": {
      "resolved": "../node_modules/.pnpm/typescript@4.5.5/node_modules/typescript",
      "link": true
    }
  },
  "dependencies": {
    "@types/fs-extra": {
      "version": "file:../node_modules/.pnpm/@types+fs-extra@9.0.13/node_modules/@types/fs-extra",
      "requires": {
        "@types/node": "*"
      }
    },
    "@types/node": {
      "version": "file:../node_modules/.pnpm/@types+node@16.11.22/node_modules/@types/node"
    },
    "chalk": {
      "version": "file:../node_modules/.pnpm/chalk@4.1.2/node_modules/chalk",
      "requires": {
        "ansi-styles": "^4.1.0",
        "ava": "^2.4.0",
        "coveralls": "^3.0.7",
        "execa": "^4.0.0",
        "import-fresh": "^3.1.0",
        "matcha": "^0.7.0",
        "nyc": "^15.0.0",
        "resolve-from": "^5.0.0",
        "supports-color": "^7.1.0",
        "tsd": "^0.7.4",
        "xo": "^0.28.2"
      }
    },
    "commander": {
      "version": "file:../node_modules/.pnpm/commander@9.0.0/node_modules/commander",
      "requires": {
        "@types/jest": "^27.0.3",
        "@types/node": "^16.11.15",
        "@typescript-eslint/eslint-plugin": "^4.33.0",
        "@typescript-eslint/parser": "^4.27.0",
        "eslint": "^7.29.0",
        "eslint-config-standard": "^16.0.3",
        "eslint-config-standard-with-typescript": "^21.0.1",
        "eslint-plugin-import": "^2.25.3",
        "eslint-plugin-jest": "^24.3.6",
        "eslint-plugin-node": "^11.1.0",
        "eslint-plugin-promise": "^5.2.0",
        "jest": "^27.0.4",
        "ts-jest": "^27.0.3",
        "tsd": "^0.17.0",
        "typescript": "^4.3.4"
      }
    },
    "fs-extra": {
      "version": "file:../node_modules/.pnpm/fs-extra@10.0.0/node_modules/fs-extra",
      "requires": {
        "at-least-node": "^1.0.0",
        "coveralls": "^3.0.0",
        "graceful-fs": "^4.2.0",
        "jsonfile": "^6.0.1",
        "klaw": "^2.1.1",
        "klaw-sync": "^3.0.2",
        "minimist": "^1.1.1",
        "mocha": "^5.0.5",
        "nyc": "^15.0.0",
        "proxyquire": "^2.0.1",
        "read-dir-files": "^0.1.1",
        "standard": "^14.1.0",
        "universalify": "^2.0.0"
      }
    },
    "glob": {
      "version": "file:../node_modules/.pnpm/glob@7.2.0/node_modules/glob",
      "requires": {
        "fs.realpath": "^1.0.0",
        "inflight": "^1.0.4",
        "inherits": "2",
        "memfs": "^3.2.0",
        "minimatch": "^3.0.4",
        "mkdirp": "0",
        "once": "^1.3.0",
        "path-is-absolute": "^1.0.0",
        "rimraf": "^2.2.8",
        "tap": "^15.0.6",
        "tick": "0.0.6"
      }
    },
    "isomorphic-fetch": {
      "version": "file:../node_modules/.pnpm/isomorphic-fetch@3.0.0/node_modules/isomorphic-fetch",
      "requires": {
        "chai": "^4.2.0",
        "jshint": "^2.5.11",
        "lintspaces-cli": "^0.7.1",
        "mocha": "^8.1.3",
        "nock": "^13.0.4",
        "node-fetch": "^2.6.1",
        "whatwg-fetch": "^3.4.1"
      }
    },
    "npm-check-updates": {
      "version": "file:../node_modules/.pnpm/npm-check-updates@12.2.1/node_modules/npm-check-updates",
      "requires": {
        "@types/chai": "^4.3.0",
        "@types/chai-as-promised": "^7.1.4",
        "@types/chai-string": "^1.4.2",
        "@types/cli-table": "^0.3.0",
        "@types/hosted-git-info": "^3.0.2",
        "@types/json-parse-helpfulerror": "^1.0.1",
        "@types/jsonlines": "^0.1.1",
        "@types/lodash": "^4.14.178",
        "@types/minimatch": "^3.0.5",
        "@types/mocha": "^9.1.0",
        "@types/node": "^17.0.10",
        "@types/pacote": "^11.1.3",
        "@types/parse-github-url": "^1.0.0",
        "@types/progress": "^2.0.5",
        "@types/prompts": "^2.4.0",
        "@types/remote-git-tags": "^4.0.0",
        "@types/rimraf": "^3.0.2",
        "@types/semver": "^7.3.9",
        "@types/semver-utils": "^1.1.1",
        "@types/update-notifier": "^5.1.0",
        "@typescript-eslint/eslint-plugin": "^5.10.0",
        "@typescript-eslint/parser": "^5.10.0",
        "c8": "^7.11.0",
        "chai": "^4.3.4",
        "chai-as-promised": "^7.1.1",
        "chai-string": "^1.5.0",
        "chalk": "^4.1.2",
        "cint": "^8.2.1",
        "cli-table": "^0.3.11",
        "commander": "^8.3.0",
        "cross-env": "^7.0.3",
        "eslint": "^7.32.0",
        "eslint-config-raine": "^0.3.0",
        "eslint-config-standard": "^16.0.3",
        "eslint-plugin-fp": "^2.3.0",
        "eslint-plugin-import": "^2.25.4",
        "eslint-plugin-jsdoc": "^37.6.1",
        "eslint-plugin-node": "^11.1.0",
        "eslint-plugin-promise": "^6.0.0",
        "fast-memoize": "^2.5.2",
        "find-up": "5.0.0",
        "fp-and-or": "^0.1.3",
        "get-stdin": "^8.0.0",
        "globby": "^11.0.4",
        "hosted-git-info": "^4.1.0",
        "husky": "^7.0.4",
        "json-parse-helpfulerror": "^1.0.3",
        "jsonlines": "^0.1.1",
        "libnpmconfig": "^1.2.1",
        "lockfile-lint": "^4.6.2",
        "lodash": "^4.17.21",
        "markdownlint-cli": "^0.30.0",
        "minimatch": "^3.0.4",
        "mocha": "^9.1.4",
        "npm-run-all": "^4.1.5",
        "p-map": "^4.0.0",
        "pacote": "^12.0.2",
        "parse-github-url": "^1.0.2",
        "progress": "^2.0.3",
        "prompts": "^2.4.2",
        "rc-config-loader": "^4.0.0",
        "remote-git-tags": "^3.0.0",
        "rimraf": "^3.0.2",
        "semver": "^7.3.5",
        "semver-utils": "^1.1.4",
        "should": "^13.2.3",
        "source-map-support": "^0.5.21",
        "spawn-please": "^1.0.0",
        "strip-ansi": "^6.0.1",
        "ts-node": "^10.4.0",
        "typescript": "^4.5.5",
        "update-notifier": "^5.1.0",
        "yarn": "^1.22.17"
      }
    },
    "ora": {
      "version": "file:../node_modules/.pnpm/ora@5.4.1/node_modules/ora",
      "requires": {
        "@types/node": "^14.14.35",
        "ava": "^2.4.0",
        "bl": "^4.1.0",
        "chalk": "^4.1.0",
        "cli-cursor": "^3.1.0",
        "cli-spinners": "^2.5.0",
        "get-stream": "^6.0.0",
        "is-interactive": "^1.0.0",
        "is-unicode-supported": "^0.1.0",
        "log-symbols": "^4.1.0",
        "strip-ansi": "^6.0.0",
        "tsd": "^0.14.0",
        "wcwidth": "^1.0.1",
        "xo": "^0.38.2"
      }
    },
    "prettier": {
      "version": "file:../node_modules/.pnpm/prettier@2.5.1/node_modules/prettier"
    },
    "semver": {
      "version": "file:../node_modules/.pnpm/semver@7.3.5/node_modules/semver",
      "requires": {
        "lru-cache": "^6.0.0",
        "tap": "^14.10.7"
      }
    },
    "ts-node": {
      "version": "file:../node_modules/.pnpm/ts-node@10.4.0_247b6ed5e900a7cb1f087e65be0c3da9/node_modules/ts-node",
      "requires": {
        "@cspotcode/source-map-support": "0.7.0",
        "@microsoft/api-extractor": "^7.15.2",
        "@swc/core": ">=1.2.50",
        "@swc/wasm": ">=1.2.50",
        "@tsconfig/node10": "^1.0.7",
        "@tsconfig/node12": "^1.0.7",
        "@tsconfig/node14": "^1.0.0",
        "@tsconfig/node16": "^1.0.2",
        "@types/chai": "^4.0.4",
        "@types/diff": "^4.0.2",
        "@types/lodash": "^4.14.151",
        "@types/node": "13.13.5",
        "@types/proper-lockfile": "^4.1.2",
        "@types/proxyquire": "^1.3.28",
        "@types/react": "^16.0.2",
        "@types/rimraf": "^3.0.0",
        "@types/semver": "^7.1.0",
        "@yarnpkg/fslib": "^2.4.0",
        "acorn": "^8.4.1",
        "acorn-walk": "^8.1.1",
        "arg": "^4.1.0",
        "ava": "^3.15.0",
        "axios": "^0.21.1",
        "chai": "^4.0.1",
        "create-require": "^1.1.0",
        "diff": "^4.0.1",
        "expect": "^27.0.2",
        "get-stream": "^6.0.0",
        "lodash": "^4.17.15",
        "make-error": "^1.1.1",
        "ntypescript": "^1.201507091536.1",
        "nyc": "^15.0.1",
        "prettier": "^2.2.1",
        "proper-lockfile": "^4.1.2",
        "proxyquire": "^2.0.0",
        "react": "^16.14.0",
        "rimraf": "^3.0.0",
        "semver": "^7.1.3",
        "throat": "^6.0.1",
        "typedoc": "^0.22.4",
        "typescript": "4.4.3",
        "typescript-json-schema": "^0.51.0",
        "util.promisify": "^1.0.1",
        "yn": "3.1.1"
      }
    },
    "type-fest": {
      "version": "file:../node_modules/.pnpm/type-fest@2.11.1/node_modules/type-fest",
      "requires": {
        "@sindresorhus/tsconfig": "~0.7.0",
        "expect-type": "^0.12.0",
        "tsd": "^0.17.0",
        "typescript": ">=4.2",
        "xo": "^0.43.0"
      }
    },
    "typescript": {
      "version": "file:../node_modules/.pnpm/typescript@4.5.5/node_modules/typescript",
      "requires": {
        "@octokit/rest": "latest",
        "@types/browserify": "latest",
        "@types/chai": "latest",
        "@types/convert-source-map": "latest",
        "@types/glob": "latest",
        "@types/gulp": "^4.0.9",
        "@types/gulp-concat": "latest",
        "@types/gulp-newer": "latest",
        "@types/gulp-rename": "0.0.33",
        "@types/gulp-sourcemaps": "0.0.32",
        "@types/jake": "latest",
        "@types/merge2": "latest",
        "@types/microsoft__typescript-etw": "latest",
        "@types/minimatch": "latest",
        "@types/minimist": "latest",
        "@types/mkdirp": "latest",
        "@types/mocha": "latest",
        "@types/ms": "latest",
        "@types/node": "latest",
        "@types/node-fetch": "^2.3.4",
        "@types/q": "latest",
        "@types/source-map-support": "latest",
        "@types/through2": "latest",
        "@types/xml2js": "^0.4.0",
        "@typescript-eslint/eslint-plugin": "^4.28.0",
        "@typescript-eslint/experimental-utils": "^4.28.0",
        "@typescript-eslint/parser": "^4.28.0",
        "async": "latest",
        "azure-devops-node-api": "^11.0.1",
        "browser-resolve": "^1.11.2",
        "browserify": "latest",
        "chai": "latest",
        "chalk": "^4.1.2",
        "convert-source-map": "latest",
        "del": "5.1.0",
        "diff": "^4.0.2",
        "eslint": "7.12.1",
        "eslint-formatter-autolinkable-stylish": "1.1.4",
        "eslint-plugin-import": "2.22.1",
        "eslint-plugin-jsdoc": "30.7.6",
        "eslint-plugin-no-null": "1.0.2",
        "fancy-log": "latest",
        "fs-extra": "^9.0.0",
        "glob": "latest",
        "gulp": "^4.0.0",
        "gulp-concat": "latest",
        "gulp-insert": "latest",
        "gulp-newer": "latest",
        "gulp-rename": "latest",
        "gulp-sourcemaps": "latest",
        "merge2": "latest",
        "minimist": "latest",
        "mkdirp": "latest",
        "mocha": "latest",
        "mocha-fivemat-progress-reporter": "latest",
        "ms": "^2.1.3",
        "node-fetch": "^2.6.1",
        "plugin-error": "latest",
        "pretty-hrtime": "^1.0.3",
        "prex": "^0.4.3",
        "q": "latest",
        "source-map-support": "latest",
        "through2": "latest",
        "typescript": "^4.2.3",
        "vinyl": "latest",
        "vinyl-sourcemaps-apply": "latest",
        "xml2js": "^0.4.19"
      }
    }
  }
}
