{
  "name": "@grouparoo/sendgrid",
  "version": "0.2.0-alpha.17",
  "lockfileVersion": 1,
  "requires": true,
  "dependencies": {
    "@sendgrid/client": {
      "version": "7.4.2",
      "resolved": "https://registry.npmjs.org/@sendgrid/client/-/client-7.4.2.tgz",
      "integrity": "sha512-bu8lLbRD+OV7YsYNemEy8DRoxs8/8u325EXNlQ3VaqhcpbM0eSvdL5e5Wa7VZpbczcNCJmf/sr/uqFmwcO5S+A==",
      "requires": {
        "@sendgrid/helpers": "^7.4.2",
        "axios": "^0.21.1"
      }
    },
    "@sendgrid/helpers": {
      "version": "7.4.2",
      "resolved": "https://registry.npmjs.org/@sendgrid/helpers/-/helpers-7.4.2.tgz",
      "integrity": "sha512-b/IyBwT4zrOfXA0ISvWZsnhYz+5uAO20n68J8n/6qe5P1E2p0L7kWNTN5LYu0S7snJPUlbEa6FpfrSKzEcP9JA==",
      "requires": {
        "deepmerge": "^4.2.2"
      }
    },
    "axios": {
      "version": "0.21.1",
      "resolved": "https://registry.npmjs.org/axios/-/axios-0.21.1.tgz",
      "integrity": "sha512-dKQiRHxGD9PPRIUNIWvZhPTPpl1rf/OxTYKsqKUDjBwYylTvV7SjSHJb9ratfyzM6wCdLCOYLzs73qpg5c4iGA==",
      "requires": {
        "follow-redirects": "^1.10.0"
      }
    },
    "deepmerge": {
      "version": "4.2.2",
      "resolved": "https://registry.npmjs.org/deepmerge/-/deepmerge-4.2.2.tgz",
      "integrity": "sha512-FJ3UgI4gIl+PHZm53knsuSFpE+nESMr7M4v9QcgB7S63Kj/6WqMiFQJpBBYz1Pt+66bZpP3Q7Lye0Oo9MPKEdg=="
    },
    "follow-redirects": {
      "version": "1.13.2",
      "resolved": "https://registry.npmjs.org/follow-redirects/-/follow-redirects-1.13.2.tgz",
      "integrity": "sha512-6mPTgLxYm3r6Bkkg0vNM0HTjfGrOEtsfbhagQvbxDEsEkpNhw582upBaoRZylzen6krEmxXJgt9Ju6HiI4O7BA=="
    }
  }
}
